dependencies:
- name: victoria-metrics-k8s-stack
  repository: https://victoriametrics.github.io/helm-charts/
  version: 0.78.0
- name: victoria-logs-single
  repository: https://victoriametrics.github.io/helm-charts/
  version: 0.12.4
digest: sha256:d9afdb95eeed949fec66ac057453ec248fb73e751c95e333f89e2392aebe5c25
generated: "2026-05-11T15:54:10.751661067+05:00"
